
Microsoft Visual Studio Solution File, Format Version 12.00
# Visual Studio Version 17
VisualStudioVersion = 17.11.35312.102
MinimumVisualStudioVersion = 10.0.40219.1
Project("{FAE04EC0-301F-11D3-BF4B-00C04F79EFBC}") = "Poc_Password-hashing", "Poc_Password-hashing\Poc_Password-hashing.csproj", "{4306916F-1A41-4388-97FD-FFB5921170C1}"
EndProject
Global
	GlobalSection(SolutionConfigurationPlatforms) = preSolution
		Debug|Any CPU = Debug|Any CPU
		Release|Any CPU = Release|Any CPU
	EndGlobalSection
	GlobalSection(ProjectConfigurationPlatforms) = postSolution
		{4306916F-1A41-4388-97FD-FFB5921170C1}.Debug|Any CPU.ActiveCfg = Debug|Any CPU
		{4306916F-1A41-4388-97FD-FFB5921170C1}.Debug|Any CPU.Build.0 = Debug|Any CPU
		{4306916F-1A41-4388-97FD-FFB5921170C1}.Release|Any CPU.ActiveCfg = Release|Any CPU
		{4306916F-1A41-4388-97FD-FFB5921170C1}.Release|Any CPU.Build.0 = Release|Any CPU
	EndGlobalSection
	GlobalSection(SolutionProperties) = preSolution
		HideSolutionNode = FALSE
	EndGlobalSection
	GlobalSection(ExtensibilityGlobals) = postSolution
		SolutionGuid = {AB454EA0-BBF2-4852-95A7-B45E35F36F8B}
	EndGlobalSection
EndGlobal
